
Microsoft Visual Studio Solution File, Format Version 12.00
# Visual Studio Version 17
VisualStudioVersion = 17.4.33122.133
MinimumVisualStudioVersion = 10.0.40219.1
Project("{FAE04EC0-301F-11D3-BF4B-00C04F79EFBC}") = "Football", "Football\Football.csproj", "{CBAEA32F-FB9D-4FC9-8852-3FE188598900}"
EndProject
Global
	GlobalSection(SolutionConfigurationPlatforms) = preSolution
		Debug|Any CPU = Debug|Any CPU
		Release|Any CPU = Release|Any CPU
	EndGlobalSection
	GlobalSection(ProjectConfigurationPlatforms) = postSolution
		{CBAEA32F-FB9D-4FC9-8852-3FE188598900}.Debug|Any CPU.ActiveCfg = Debug|Any CPU
		{CBAEA32F-FB9D-4FC9-8852-3FE188598900}.Debug|Any CPU.Build.0 = Debug|Any CPU
		{CBAEA32F-FB9D-4FC9-8852-3FE188598900}.Release|Any CPU.ActiveCfg = Release|Any CPU
		{CBAEA32F-FB9D-4FC9-8852-3FE188598900}.Release|Any CPU.Build.0 = Release|Any CPU
	EndGlobalSection
	GlobalSection(SolutionProperties) = preSolution
		HideSolutionNode = FALSE
	EndGlobalSection
	GlobalSection(ExtensibilityGlobals) = postSolution
		SolutionGuid = {8908C5E0-75CD-4A5B-8F7B-26F5AF448340}
	EndGlobalSection
EndGlobal
